// !$*UTF8*$!
{
	archiveVersion = 1;
	classes = {
	};
	objectVersion = 50;
	objects = {

/* Begin PBXBuildFile section */
		44648BAC24CFCA39002C713D /* main.c in Sources */ = {isa = PBXBuildFile; fileRef = 44648BAB24CFCA39002C713D /* main.c */; };
		448C0B4E24CFCDEB008CDA4C /* Bubble.c in Sources */ = {isa = PBXBuildFile; fileRef = 448C0B4D24CFCDEB008CDA4C /* Bubble.c */; };
		448C0B5124CFCE8D008CDA4C /* ArrayHelper.c in Sources */ = {isa = PBXBuildFile; fileRef = 448C0B5024CFCE8D008CDA4C /* ArrayHelper.c */; };
		448C0B8A24D044A7008CDA4C /* Select.c in Sources */ = {isa = PBXBuildFile; fileRef = 448C0B8924D044A7008CDA4C /* Select.c */; };
		448C0B8D24D04A69008CDA4C /* Insert.c in Sources */ = {isa = PBXBuildFile; fileRef = 448C0B8C24D04A69008CDA4C /* Insert.c */; };
		448C0B9024D04FA2008CDA4C /* Quick.c in Sources */ = {isa = PBXBuildFile; fileRef = 448C0B8F24D04FA2008CDA4C /* Quick.c */; };
		448C0B9324D05AA3008CDA4C /* Merge.c in Sources */ = {isa = PBXBuildFile; fileRef = 448C0B9224D05AA3008CDA4C /* Merge.c */; };
/* End PBXBuildFile section */

/* Begin PBXCopyFilesBuildPhase section */
		44648BA624CFCA39002C713D /* CopyFiles */ = {
			isa = PBXCopyFilesBuildPhase;
			buildActionMask = 2147483647;
			dstPath = /usr/share/man/man1/;
			dstSubfolderSpec = 0;
			files = (
			);
			runOnlyForDeploymentPostprocessing = 1;
		};
/* End PBXCopyFilesBuildPhase section */

/* Begin PBXFileReference section */
		44648BA824CFCA39002C713D /* AlgrithmInterview */ = {isa = PBXFileReference; explicitFileType = "compiled.mach-o.executable"; includeInIndex = 0; path = AlgrithmInterview; sourceTree = BUILT_PRODUCTS_DIR; };
		44648BAB24CFCA39002C713D /* main.c */ = {isa = PBXFileReference; lastKnownFileType = sourcecode.c.c; path = main.c; sourceTree = "<group>"; };
		448C0B4C24CFCDEB008CDA4C /* Bubble.h */ = {isa = PBXFileReference; lastKnownFileType = sourcecode.c.h; path = Bubble.h; sourceTree = "<group>"; };
		448C0B4D24CFCDEB008CDA4C /* Bubble.c */ = {isa = PBXFileReference; lastKnownFileType = sourcecode.c.c; path = Bubble.c; sourceTree = "<group>"; };
		448C0B4F24CFCE8D008CDA4C /* ArrayHelper.h */ = {isa = PBXFileReference; lastKnownFileType = sourcecode.c.h; path = ArrayHelper.h; sourceTree = "<group>"; };
		448C0B5024CFCE8D008CDA4C /* ArrayHelper.c */ = {isa = PBXFileReference; lastKnownFileType = sourcecode.c.c; path = ArrayHelper.c; sourceTree = "<group>"; };
		448C0B8824D044A7008CDA4C /* Select.h */ = {isa = PBXFileReference; lastKnownFileType = sourcecode.c.h; path = Select.h; sourceTree = "<group>"; };
		448C0B8924D044A7008CDA4C /* Select.c */ = {isa = PBXFileReference; lastKnownFileType = sourcecode.c.c; path = Select.c; sourceTree = "<group>"; };
		448C0B8B24D04A69008CDA4C /* Insert.h */ = {isa = PBXFileReference; lastKnownFileType = sourcecode.c.h; path = Insert.h; sourceTree = "<group>"; };
		448C0B8C24D04A69008CDA4C /* Insert.c */ = {isa = PBXFileReference; lastKnownFileType = sourcecode.c.c; path = Insert.c; sourceTree = "<group>"; };
		448C0B8E24D04FA2008CDA4C /* Quick.h */ = {isa = PBXFileReference; lastKnownFileType = sourcecode.c.h; path = Quick.h; sourceTree = "<group>"; };
		448C0B8F24D04FA2008CDA4C /* Quick.c */ = {isa = PBXFileReference; lastKnownFileType = sourcecode.c.c; path = Quick.c; sourceTree = "<group>"; };
		448C0B9124D05AA3008CDA4C /* Merge.h */ = {isa = PBXFileReference; lastKnownFileType = sourcecode.c.h; path = Merge.h; sourceTree = "<group>"; };
		448C0B9224D05AA3008CDA4C /* Merge.c */ = {isa = PBXFileReference; lastKnownFileType = sourcecode.c.c; path = Merge.c; sourceTree = "<group>"; };
/* End PBXFileReference section */

/* Begin PBXFrameworksBuildPhase section */
		44648BA524CFCA39002C713D /* Frameworks */ = {
			isa = PBXFrameworksBuildPhase;
			buildActionMask = 2147483647;
			files = (
			);
			runOnlyForDeploymentPostprocessing = 0;
		};
/* End PBXFrameworksBuildPhase section */

/* Begin PBXGroup section */
		44648B9F24CFCA39002C713D = {
			isa = PBXGroup;
			children = (
				44648BAA24CFCA39002C713D /* AlgrithmInterview */,
				44648BA924CFCA39002C713D /* Products */,
			);
			sourceTree = "<group>";
		};
		44648BA924CFCA39002C713D /* Products */ = {
			isa = PBXGroup;
			children = (
				44648BA824CFCA39002C713D /* AlgrithmInterview */,
			);
			name = Products;
			sourceTree = "<group>";
		};
		44648BAA24CFCA39002C713D /* AlgrithmInterview */ = {
			isa = PBXGroup;
			children = (
				448C0B4B24CFCDBB008CDA4C /* Classes */,
				44648BAB24CFCA39002C713D /* main.c */,
			);
			path = AlgrithmInterview;
			sourceTree = "<group>";
		};
		448C0B4B24CFCDBB008CDA4C /* Classes */ = {
			isa = PBXGroup;
			children = (
				448C0B4C24CFCDEB008CDA4C /* Bubble.h */,
				448C0B4D24CFCDEB008CDA4C /* Bubble.c */,
				448C0B4F24CFCE8D008CDA4C /* ArrayHelper.h */,
				448C0B5024CFCE8D008CDA4C /* ArrayHelper.c */,
				448C0B8824D044A7008CDA4C /* Select.h */,
				448C0B8924D044A7008CDA4C /* Select.c */,
				448C0B8B24D04A69008CDA4C /* Insert.h */,
				448C0B8C24D04A69008CDA4C /* Insert.c */,
				448C0B8E24D04FA2008CDA4C /* Quick.h */,
				448C0B8F24D04FA2008CDA4C /* Quick.c */,
				448C0B9124D05AA3008CDA4C /* Merge.h */,
				448C0B9224D05AA3008CDA4C /* Merge.c */,
			);
			path = Classes;
			sourceTree = "<group>";
		};
/* End PBXGroup section */

/* Begin PBXNativeTarget section */
		44648BA724CFCA39002C713D /* AlgrithmInterview */ = {
			isa = PBXNativeTarget;
			buildConfigurationList = 44648BAF24CFCA39002C713D /* Build configuration list for PBXNativeTarget "AlgrithmInterview" */;
			buildPhases = (
				44648BA424CFCA39002C713D /* Sources */,
				44648BA524CFCA39002C713D /* Frameworks */,
				44648BA624CFCA39002C713D /* CopyFiles */,
			);
			buildRules = (
			);
			dependencies = (
			);
			name = AlgrithmInterview;
			productName = AlgrithmInterview;
			productReference = 44648BA824CFCA39002C713D /* AlgrithmInterview */;
			productType = "com.apple.product-type.tool";
		};
/* End PBXNativeTarget section */

/* Begin PBXProject section */
		44648BA024CFCA39002C713D /* Project object */ = {
			isa = PBXProject;
			attributes = {
				LastUpgradeCheck = 1140;
				ORGANIZATIONNAME = RobinCui;
				TargetAttributes = {
					44648BA724CFCA39002C713D = {
						CreatedOnToolsVersion = 11.4.1;
					};
				};
			};
			buildConfigurationList = 44648BA324CFCA39002C713D /* Build configuration list for PBXProject "AlgrithmInterview" */;
			compatibilityVersion = "Xcode 9.3";
			developmentRegion = en;
			hasScannedForEncodings = 0;
			knownRegions = (
				en,
				Base,
			);
			mainGroup = 44648B9F24CFCA39002C713D;
			productRefGroup = 44648BA924CFCA39002C713D /* Products */;
			projectDirPath = "";
			projectRoot = "";
			targets = (
				44648BA724CFCA39002C713D /* AlgrithmInterview */,
			);
		};
/* End PBXProject section */

/* Begin PBXSourcesBuildPhase section */
		44648BA424CFCA39002C713D /* Sources */ = {
			isa = PBXSourcesBuildPhase;
			buildActionMask = 2147483647;
			files = (
				44648BAC24CFCA39002C713D /* main.c in Sources */,
				448C0B8A24D044A7008CDA4C /* Select.c in Sources */,
				448C0B4E24CFCDEB008CDA4C /* Bubble.c in Sources */,
				448C0B9024D04FA2008CDA4C /* Quick.c in Sources */,
				448C0B9324D05AA3008CDA4C /* Merge.c in Sources */,
				448C0B8D24D04A69008CDA4C /* Insert.c in Sources */,
				448C0B5124CFCE8D008CDA4C /* ArrayHelper.c in Sources */,
			);
			runOnlyForDeploymentPostprocessing = 0;
		};
/* End PBXSourcesBuildPhase section */

/* Begin XCBuildConfiguration section */
		44648BAD24CFCA39002C713D /* Debug */ = {
			isa = XCBuildConfiguration;
			buildSettings = {
				ALWAYS_SEARCH_USER_PATHS = NO;
				CLANG_ANALYZER_NONNULL = YES;
				CLANG_ANALYZER_NUMBER_OBJECT_CONVERSION = YES_AGGRESSIVE;
				CLANG_CXX_LANGUAGE_STANDARD = "gnu++14";
				CLANG_CXX_LIBRARY = "libc++";
				CLANG_ENABLE_MODULES = YES;
				CLANG_ENABLE_OBJC_ARC = YES;
				CLANG_ENABLE_OBJC_WEAK = YES;
				CLANG_WARN_BLOCK_CAPTURE_AUTORELEASING = YES;
				CLANG_WARN_BOOL_CONVERSION = YES;
				CLANG_WARN_COMMA = YES;
				CLANG_WARN_CONSTANT_CONVERSION = YES;
				CLANG_WARN_DEPRECATED_OBJC_IMPLEMENTATIONS = YES;
				CLANG_WARN_DIRECT_OBJC_ISA_USAGE = YES_ERROR;
				CLANG_WARN_DOCUMENTATION_COMMENTS = YES;
				CLANG_WARN_EMPTY_BODY = YES;
				CLANG_WARN_ENUM_CONVERSION = YES;
				CLANG_WARN_INFINITE_RECURSION = YES;
				CLANG_WARN_INT_CONVERSION = YES;
				CLANG_WARN_NON_LITERAL_NULL_CONVERSION = YES;
				CLANG_WARN_OBJC_IMPLICIT_RETAIN_SELF = YES;
				CLANG_WARN_OBJC_LITERAL_CONVERSION = YES;
				CLANG_WARN_OBJC_ROOT_CLASS = YES_ERROR;
				CLANG_WARN_RANGE_LOOP_ANALYSIS = YES;
				CLANG_WARN_STRICT_PROTOTYPES = YES;
				CLANG_WARN_SUSPICIOUS_MOVE = YES;
				CLANG_WARN_UNGUARDED_AVAILABILITY = YES_AGGRESSIVE;
				CLANG_WARN_UNREACHABLE_CODE = YES;
				CLANG_WARN__DUPLICATE_METHOD_MATCH = YES;
				COPY_PHASE_STRIP = NO;
				DEBUG_INFORMATION_FORMAT = dwarf;
				ENABLE_STRICT_OBJC_MSGSEND = YES;
				ENABLE_TESTABILITY = YES;
				GCC_C_LANGUAGE_STANDARD = gnu11;
				GCC_DYNAMIC_NO_PIC = NO;
				GCC_NO_COMMON_BLOCKS = YES;
				GCC_OPTIMIZATION_LEVEL = 0;
				GCC_PREPROCESSOR_DEFINITIONS = (
					"DEBUG=1",
					"$(inherited)",
				);
				GCC_WARN_64_TO_32_BIT_CONVERSION = YES;
				GCC_WARN_ABOUT_RETURN_TYPE = YES_ERROR;
				GCC_WARN_UNDECLARED_SELECTOR = YES;
				GCC_WARN_UNINITIALIZED_AUTOS = YES_AGGRESSIVE;
				GCC_WARN_UNUSED_FUNCTION = YES;
				GCC_WARN_UNUSED_VARIABLE = YES;
				MACOSX_DEPLOYMENT_TARGET = 10.15;
				MTL_ENABLE_DEBUG_INFO = INCLUDE_SOURCE;
				MTL_FAST_MATH = YES;
				ONLY_ACTIVE_ARCH = YES;
				SDKROOT = macosx;
			};
			name = Debug;
		};
		44648BAE24CFCA39002C713D /* Release */ = {
			isa = XCBuildConfiguration;
			buildSettings = {
				ALWAYS_SEARCH_USER_PATHS = NO;
				CLANG_ANALYZER_NONNULL = YES;
				CLANG_ANALYZER_NUMBER_OBJECT_CONVERSION = YES_AGGRESSIVE;
				CLANG_CXX_LANGUAGE_STANDARD = "gnu++14";
				CLANG_CXX_LIBRARY = "libc++";
				CLANG_ENABLE_MODULES = YES;
				CLANG_ENABLE_OBJC_ARC = YES;
				CLANG_ENABLE_OBJC_WEAK = YES;
				CLANG_WARN_BLOCK_CAPTURE_AUTORELEASING = YES;
				CLANG_WARN_BOOL_CONVERSION = YES;
				CLANG_WARN_COMMA = YES;
				CLANG_WARN_CONSTANT_CONVERSION = YES;
				CLANG_WARN_DEPRECATED_OBJC_IMPLEMENTATIONS = YES;
				CLANG_WARN_DIRECT_OBJC_ISA_USAGE = YES_ERROR;
				CLANG_WARN_DOCUMENTATION_COMMENTS = YES;
				CLANG_WARN_EMPTY_BODY = YES;
				CLANG_WARN_ENUM_CONVERSION = YES;
				CLANG_WARN_INFINITE_RECURSION = YES;
				CLANG_WARN_INT_CONVERSION = YES;
				CLANG_WARN_NON_LITERAL_NULL_CONVERSION = YES;
				CLANG_WARN_OBJC_IMPLICIT_RETAIN_SELF = YES;
				CLANG_WARN_OBJC_LITERAL_CONVERSION = YES;
				CLANG_WARN_OBJC_ROOT_CLASS = YES_ERROR;
				CLANG_WARN_RANGE_LOOP_ANALYSIS = YES;
				CLANG_WARN_STRICT_PROTOTYPES = YES;
				CLANG_WARN_SUSPICIOUS_MOVE = YES;
				CLANG_WARN_UNGUARDED_AVAILABILITY = YES_AGGRESSIVE;
				CLANG_WARN_UNREACHABLE_CODE = YES;
				CLANG_WARN__DUPLICATE_METHOD_MATCH = YES;
				COPY_PHASE_STRIP = NO;
				DEBUG_INFORMATION_FORMAT = "dwarf-with-dsym";
				ENABLE_NS_ASSERTIONS = NO;
				ENABLE_STRICT_OBJC_MSGSEND = YES;
				GCC_C_LANGUAGE_STANDARD = gnu11;
				GCC_NO_COMMON_BLOCKS = YES;
				GCC_WARN_64_TO_32_BIT_CONVERSION = YES;
				GCC_WARN_ABOUT_RETURN_TYPE = YES_ERROR;
				GCC_WARN_UNDECLARED_SELECTOR = YES;
				GCC_WARN_UNINITIALIZED_AUTOS = YES_AGGRESSIVE;
				GCC_WARN_UNUSED_FUNCTION = YES;
				GCC_WARN_UNUSED_VARIABLE = YES;
				MACOSX_DEPLOYMENT_TARGET = 10.15;
				MTL_ENABLE_DEBUG_INFO = NO;
				MTL_FAST_MATH = YES;
				SDKROOT = macosx;
			};
			name = Release;
		};
		44648BB024CFCA39002C713D /* Debug */ = {
			isa = XCBuildConfiguration;
			buildSettings = {
				CODE_SIGN_STYLE = Automatic;
				DEVELOPMENT_TEAM = VL6B7C7W4K;
				ENABLE_HARDENED_RUNTIME = YES;
				PRODUCT_NAME = "$(TARGET_NAME)";
			};
			name = Debug;
		};
		44648BB124CFCA39002C713D /* Release */ = {
			isa = XCBuildConfiguration;
			buildSettings = {
				CODE_SIGN_STYLE = Automatic;
				DEVELOPMENT_TEAM = VL6B7C7W4K;
				ENABLE_HARDENED_RUNTIME = YES;
				PRODUCT_NAME = "$(TARGET_NAME)";
			};
			name = Release;
		};
/* End XCBuildConfiguration section */

/* Begin XCConfigurationList section */
		44648BA324CFCA39002C713D /* Build configuration list for PBXProject "AlgrithmInterview" */ = {
			isa = XCConfigurationList;
			buildConfigurations = (
				44648BAD24CFCA39002C713D /* Debug */,
				44648BAE24CFCA39002C713D /* Release */,
			);
			defaultConfigurationIsVisible = 0;
			defaultConfigurationName = Release;
		};
		44648BAF24CFCA39002C713D /* Build configuration list for PBXNativeTarget "AlgrithmInterview" */ = {
			isa = XCConfigurationList;
			buildConfigurations = (
				44648BB024CFCA39002C713D /* Debug */,
				44648BB124CFCA39002C713D /* Release */,
			);
			defaultConfigurationIsVisible = 0;
			defaultConfigurationName = Release;
		};
/* End XCConfigurationList section */
	};
	rootObject = 44648BA024CFCA39002C713D /* Project object */;
}
